
Microsoft Visual Studio Solution File, Format Version 12.00
# Visual Studio Version 16
VisualStudioVersion = 16.0.29911.84
MinimumVisualStudioVersion = 10.0.40219.1
Project("{9A19103F-16F7-4668-BE54-9A1E7A4F7556}") = "ShopCreator", "ShopCreator\ShopCreator.csproj", "{0474986B-BBB4-4074-8564-9934E7D80F06}"
EndProject
Global
	GlobalSection(SolutionConfigurationPlatforms) = preSolution
		Debug|Any CPU = Debug|Any CPU
		Release|Any CPU = Release|Any CPU
	EndGlobalSection
	GlobalSection(ProjectConfigurationPlatforms) = postSolution
		{0474986B-BBB4-4074-8564-9934E7D80F06}.Debug|Any CPU.ActiveCfg = Debug|Any CPU
		{0474986B-BBB4-4074-8564-9934E7D80F06}.Debug|Any CPU.Build.0 = Debug|Any CPU
		{0474986B-BBB4-4074-8564-9934E7D80F06}.Release|Any CPU.ActiveCfg = Release|Any CPU
		{0474986B-BBB4-4074-8564-9934E7D80F06}.Release|Any CPU.Build.0 = Release|Any CPU
	EndGlobalSection
	GlobalSection(SolutionProperties) = preSolution
		HideSolutionNode = FALSE
	EndGlobalSection
	GlobalSection(ExtensibilityGlobals) = postSolution
		SolutionGuid = {75500F24-E202-45D5-9005-E063F8F61562}
	EndGlobalSection
EndGlobal
